
Microsoft Visual Studio Solution File, Format Version 12.00
# Visual Studio Version 17
VisualStudioVersion = 17.8.34316.72
MinimumVisualStudioVersion = 10.0.40219.1
Project("{FAE04EC0-301F-11D3-BF4B-00C04F79EFBC}") = "ToDoAPI", "ToDoAPI\ToDoAPI.csproj", "{EC27C202-0685-4059-B0D7-3DAAD19A12B5}"
EndProject
Project("{FAE04EC0-301F-11D3-BF4B-00C04F79EFBC}") = "Domain", "Domain\Domain.csproj", "{19305987-1B6D-4643-8C63-F3149F17DD97}"
EndProject
Project("{FAE04EC0-301F-11D3-BF4B-00C04F79EFBC}") = "Infrastructure", "Infrastructure\Infrastructure.csproj", "{8237FD66-A1BC-450C-A09D-B9CB19572E78}"
EndProject
Project("{FAE04EC0-301F-11D3-BF4B-00C04F79EFBC}") = "Utils", "Utils\Utils.csproj", "{A8EB555D-2B13-4FA7-88F7-45A92DDF63B4}"
EndProject
Global
	GlobalSection(SolutionConfigurationPlatforms) = preSolution
		Debug|Any CPU = Debug|Any CPU
		Release|Any CPU = Release|Any CPU
	EndGlobalSection
	GlobalSection(ProjectConfigurationPlatforms) = postSolution
		{EC27C202-0685-4059-B0D7-3DAAD19A12B5}.Debug|Any CPU.ActiveCfg = Debug|Any CPU
		{EC27C202-0685-4059-B0D7-3DAAD19A12B5}.Debug|Any CPU.Build.0 = Debug|Any CPU
		{EC27C202-0685-4059-B0D7-3DAAD19A12B5}.Release|Any CPU.ActiveCfg = Release|Any CPU
		{EC27C202-0685-4059-B0D7-3DAAD19A12B5}.Release|Any CPU.Build.0 = Release|Any CPU
		{19305987-1B6D-4643-8C63-F3149F17DD97}.Debug|Any CPU.ActiveCfg = Debug|Any CPU
		{19305987-1B6D-4643-8C63-F3149F17DD97}.Debug|Any CPU.Build.0 = Debug|Any CPU
		{19305987-1B6D-4643-8C63-F3149F17DD97}.Release|Any CPU.ActiveCfg = Release|Any CPU
		{19305987-1B6D-4643-8C63-F3149F17DD97}.Release|Any CPU.Build.0 = Release|Any CPU
		{8237FD66-A1BC-450C-A09D-B9CB19572E78}.Debug|Any CPU.ActiveCfg = Debug|Any CPU
		{8237FD66-A1BC-450C-A09D-B9CB19572E78}.Debug|Any CPU.Build.0 = Debug|Any CPU
		{8237FD66-A1BC-450C-A09D-B9CB19572E78}.Release|Any CPU.ActiveCfg = Release|Any CPU
		{8237FD66-A1BC-450C-A09D-B9CB19572E78}.Release|Any CPU.Build.0 = Release|Any CPU
		{A8EB555D-2B13-4FA7-88F7-45A92DDF63B4}.Debug|Any CPU.ActiveCfg = Debug|Any CPU
		{A8EB555D-2B13-4FA7-88F7-45A92DDF63B4}.Debug|Any CPU.Build.0 = Debug|Any CPU
		{A8EB555D-2B13-4FA7-88F7-45A92DDF63B4}.Release|Any CPU.ActiveCfg = Release|Any CPU
		{A8EB555D-2B13-4FA7-88F7-45A92DDF63B4}.Release|Any CPU.Build.0 = Release|Any CPU
	EndGlobalSection
	GlobalSection(SolutionProperties) = preSolution
		HideSolutionNode = FALSE
	EndGlobalSection
	GlobalSection(ExtensibilityGlobals) = postSolution
		SolutionGuid = {AE2828B7-A9C4-4AF7-B769-D93FFCC9722D}
	EndGlobalSection
EndGlobal
